# THIS IS AN AUTOGENERATED FILE. DO NOT EDIT THIS FILE DIRECTLY.
# yarn lockfile v1


ansi-font@0.0.2:
  version "0.0.2"
  resolved "https://registry.yarnpkg.com/ansi-font/-/ansi-font-0.0.2.tgz#890301bd5841462fd39c0b7709afd1f525143331"

test@^0.6.0:
  version "0.6.0"
  resolved "https://registry.yarnpkg.com/test/-/test-0.6.0.tgz#5986ac445ec17754322512d104ba32c8a63e938e"
  dependencies:
    ansi-font "0.0.2"
